// !$*UTF8*$!
{
	archiveVersion = 1;
	classes = {
	};
	objectVersion = 55;
	objects = {

/* Begin PBXBuildFile section */
		A51E8773271D115500AAE858 /* RecipeTabView.swift in Sources */ = {isa = PBXBuildFile; fileRef = A51E8772271D115500AAE858 /* RecipeTabView.swift */; };
		A51E87A92722103800AAE858 /* RecipeFeaturedView.swift in Sources */ = {isa = PBXBuildFile; fileRef = A51E87A82722103800AAE858 /* RecipeFeaturedView.swift */; };
		A54E3FBA272DD89B00256A0C /* RecipeDataModel.xcdatamodeld in Sources */ = {isa = PBXBuildFile; fileRef = A54E3FB8272DD89B00256A0C /* RecipeDataModel.xcdatamodeld */; };
		A54E3FBF272DDBFA00256A0C /* Ingredient+CoreDataClass.swift in Sources */ = {isa = PBXBuildFile; fileRef = A54E3FBB272DDBFA00256A0C /* Ingredient+CoreDataClass.swift */; };
		A54E3FC0272DDBFA00256A0C /* Ingredient+CoreDataProperties.swift in Sources */ = {isa = PBXBuildFile; fileRef = A54E3FBC272DDBFA00256A0C /* Ingredient+CoreDataProperties.swift */; };
		A54E3FC1272DDBFA00256A0C /* Recipe+CoreDataClass.swift in Sources */ = {isa = PBXBuildFile; fileRef = A54E3FBD272DDBFA00256A0C /* Recipe+CoreDataClass.swift */; };
		A54E3FC2272DDBFA00256A0C /* Recipe+CoreDataProperties.swift in Sources */ = {isa = PBXBuildFile; fileRef = A54E3FBE272DDBFA00256A0C /* Recipe+CoreDataProperties.swift */; };
		A54E3FE3272DE9FB00256A0C /* Persistence.swift in Sources */ = {isa = PBXBuildFile; fileRef = A54E3FE2272DE9FB00256A0C /* Persistence.swift */; };
		A54E3FE5272DF22B00256A0C /* Constants.swift in Sources */ = {isa = PBXBuildFile; fileRef = A54E3FE4272DF22B00256A0C /* Constants.swift */; };
		A54E3FE7272E219D00256A0C /* SearchBarView.swift in Sources */ = {isa = PBXBuildFile; fileRef = A54E3FE6272E219D00256A0C /* SearchBarView.swift */; };
		A54E3FE9272E294E00256A0C /* AddRecipeView.swift in Sources */ = {isa = PBXBuildFile; fileRef = A54E3FE8272E294E00256A0C /* AddRecipeView.swift */; };
		A54E3FEB272E2EA400256A0C /* AddMetaData.swift in Sources */ = {isa = PBXBuildFile; fileRef = A54E3FEA272E2EA400256A0C /* AddMetaData.swift */; };
		A54E3FED272E300100256A0C /* AddListData.swift in Sources */ = {isa = PBXBuildFile; fileRef = A54E3FEC272E300100256A0C /* AddListData.swift */; };
		A5B5CF52271C9DA800758071 /* RecipeDetailView.swift in Sources */ = {isa = PBXBuildFile; fileRef = A5B5CF51271C9DA800758071 /* RecipeDetailView.swift */; };
		A5D66F052724C16500B24100 /* Rational.swift in Sources */ = {isa = PBXBuildFile; fileRef = A5D66F042724C16500B24100 /* Rational.swift */; };
		A5D66F092724F26D00B24100 /* RecipeHighlights.swift in Sources */ = {isa = PBXBuildFile; fileRef = A5D66F082724F26D00B24100 /* RecipeHighlights.swift */; };
		A5E74F6E271BC8F900F184EE /* Recipe_ListApp.swift in Sources */ = {isa = PBXBuildFile; fileRef = A5E74F6D271BC8F900F184EE /* Recipe_ListApp.swift */; };
		A5E74F70271BC8F900F184EE /* RecipeListView.swift in Sources */ = {isa = PBXBuildFile; fileRef = A5E74F6F271BC8F900F184EE /* RecipeListView.swift */; };
		A5E74F72271BC90100F184EE /* Assets.xcassets in Resources */ = {isa = PBXBuildFile; fileRef = A5E74F71271BC90100F184EE /* Assets.xcassets */; };
		A5E74F75271BC90100F184EE /* Preview Assets.xcassets in Resources */ = {isa = PBXBuildFile; fileRef = A5E74F74271BC90100F184EE /* Preview Assets.xcassets */; };
		A5E74F81271BCAC700F184EE /* recipes.json in Resources */ = {isa = PBXBuildFile; fileRef = A5E74F80271BCAC700F184EE /* recipes.json */; };
		A5E74F83271BCB3200F184EE /* Recipe.swift in Sources */ = {isa = PBXBuildFile; fileRef = A5E74F82271BCB3200F184EE /* Recipe.swift */; };
		A5E74F85271BCC1D00F184EE /* RecipeModel.swift in Sources */ = {isa = PBXBuildFile; fileRef = A5E74F84271BCC1D00F184EE /* RecipeModel.swift */; };
		A5E74F87271BCDD000F184EE /* DataService.swift in Sources */ = {isa = PBXBuildFile; fileRef = A5E74F86271BCDD000F184EE /* DataService.swift */; };
/* End PBXBuildFile section */

/* Begin PBXFileReference section */
		A51E8772271D115500AAE858 /* RecipeTabView.swift */ = {isa = PBXFileReference; lastKnownFileType = sourcecode.swift; path = RecipeTabView.swift; sourceTree = "<group>"; };
		A51E87A82722103800AAE858 /* RecipeFeaturedView.swift */ = {isa = PBXFileReference; lastKnownFileType = sourcecode.swift; path = RecipeFeaturedView.swift; sourceTree = "<group>"; };
		A54E3FB9272DD89B00256A0C /* RecipeDataModel.xcdatamodel */ = {isa = PBXFileReference; lastKnownFileType = wrapper.xcdatamodel; path = RecipeDataModel.xcdatamodel; sourceTree = "<group>"; };
		A54E3FBB272DDBFA00256A0C /* Ingredient+CoreDataClass.swift */ = {isa = PBXFileReference; lastKnownFileType = sourcecode.swift; path = "Ingredient+CoreDataClass.swift"; sourceTree = "<group>"; };
		A54E3FBC272DDBFA00256A0C /* Ingredient+CoreDataProperties.swift */ = {isa = PBXFileReference; lastKnownFileType = sourcecode.swift; path = "Ingredient+CoreDataProperties.swift"; sourceTree = "<group>"; };
		A54E3FBD272DDBFA00256A0C /* Recipe+CoreDataClass.swift */ = {isa = PBXFileReference; lastKnownFileType = sourcecode.swift; path = "Recipe+CoreDataClass.swift"; sourceTree = "<group>"; };
		A54E3FBE272DDBFA00256A0C /* Recipe+CoreDataProperties.swift */ = {isa = PBXFileReference; lastKnownFileType = sourcecode.swift; path = "Recipe+CoreDataProperties.swift"; sourceTree = "<group>"; };
		A54E3FE2272DE9FB00256A0C /* Persistence.swift */ = {isa = PBXFileReference; fileEncoding = 4; lastKnownFileType = sourcecode.swift; path = Persistence.swift; sourceTree = "<group>"; };
		A54E3FE4272DF22B00256A0C /* Constants.swift */ = {isa = PBXFileReference; lastKnownFileType = sourcecode.swift; path = Constants.swift; sourceTree = "<group>"; };
		A54E3FE6272E219D00256A0C /* SearchBarView.swift */ = {isa = PBXFileReference; lastKnownFileType = sourcecode.swift; path = SearchBarView.swift; sourceTree = "<group>"; };
		A54E3FE8272E294E00256A0C /* AddRecipeView.swift */ = {isa = PBXFileReference; lastKnownFileType = sourcecode.swift; path = AddRecipeView.swift; sourceTree = "<group>"; };
		A54E3FEA272E2EA400256A0C /* AddMetaData.swift */ = {isa = PBXFileReference; lastKnownFileType = sourcecode.swift; path = AddMetaData.swift; sourceTree = "<group>"; };
		A54E3FEC272E300100256A0C /* AddListData.swift */ = {isa = PBXFileReference; lastKnownFileType = sourcecode.swift; path = AddListData.swift; sourceTree = "<group>"; };
		A5B5CF51271C9DA800758071 /* RecipeDetailView.swift */ = {isa = PBXFileReference; lastKnownFileType = sourcecode.swift; path = RecipeDetailView.swift; sourceTree = "<group>"; };
		A5D66F042724C16500B24100 /* Rational.swift */ = {isa = PBXFileReference; fileEncoding = 4; lastKnownFileType = sourcecode.swift; path = Rational.swift; sourceTree = "<group>"; };
		A5D66F082724F26D00B24100 /* RecipeHighlights.swift */ = {isa = PBXFileReference; lastKnownFileType = sourcecode.swift; path = RecipeHighlights.swift; sourceTree = "<group>"; };
		A5E74F6A271BC8F900F184EE /* Recipe List.app */ = {isa = PBXFileReference; explicitFileType = wrapper.application; includeInIndex = 0; path = "Recipe List.app"; sourceTree = BUILT_PRODUCTS_DIR; };
		A5E74F6D271BC8F900F184EE /* Recipe_ListApp.swift */ = {isa = PBXFileReference; lastKnownFileType = sourcecode.swift; path = Recipe_ListApp.swift; sourceTree = "<group>"; };
		A5E74F6F271BC8F900F184EE /* RecipeListView.swift */ = {isa = PBXFileReference; lastKnownFileType = sourcecode.swift; path = RecipeListView.swift; sourceTree = "<group>"; };
		A5E74F71271BC90100F184EE /* Assets.xcassets */ = {isa = PBXFileReference; lastKnownFileType = folder.assetcatalog; path = Assets.xcassets; sourceTree = "<group>"; };
		A5E74F74271BC90100F184EE /* Preview Assets.xcassets */ = {isa = PBXFileReference; lastKnownFileType = folder.assetcatalog; path = "Preview Assets.xcassets"; sourceTree = "<group>"; };
		A5E74F80271BCAC700F184EE /* recipes.json */ = {isa = PBXFileReference; fileEncoding = 4; lastKnownFileType = text.json; path = recipes.json; sourceTree = "<group>"; };
		A5E74F82271BCB3200F184EE /* Recipe.swift */ = {isa = PBXFileReference; lastKnownFileType = sourcecode.swift; path = Recipe.swift; sourceTree = "<group>"; };
		A5E74F84271BCC1D00F184EE /* RecipeModel.swift */ = {isa = PBXFileReference; lastKnownFileType = sourcecode.swift; path = RecipeModel.swift; sourceTree = "<group>"; };
		A5E74F86271BCDD000F184EE /* DataService.swift */ = {isa = PBXFileReference; lastKnownFileType = sourcecode.swift; path = DataService.swift; sourceTree = "<group>"; };
/* End PBXFileReference section */

/* Begin PBXFrameworksBuildPhase section */
		A5E74F67271BC8F900F184EE /* Frameworks */ = {
			isa = PBXFrameworksBuildPhase;
			buildActionMask = 2147483647;
			files = (
			);
			runOnlyForDeploymentPostprocessing = 0;
		};
/* End PBXFrameworksBuildPhase section */

/* Begin PBXGroup section */
		A5D66F032724C13700B24100 /* Utilities */ = {
			isa = PBXGroup;
			children = (
				A5D66F042724C16500B24100 /* Rational.swift */,
				A54E3FE4272DF22B00256A0C /* Constants.swift */,
			);
			path = Utilities;
			sourceTree = "<group>";
		};
		A5E74F61271BC8F900F184EE = {
			isa = PBXGroup;
			children = (
				A5E74F6C271BC8F900F184EE /* Recipe List */,
				A5E74F6B271BC8F900F184EE /* Products */,
			);
			sourceTree = "<group>";
		};
		A5E74F6B271BC8F900F184EE /* Products */ = {
			isa = PBXGroup;
			children = (
				A5E74F6A271BC8F900F184EE /* Recipe List.app */,
			);
			name = Products;
			sourceTree = "<group>";
		};
		A5E74F6C271BC8F900F184EE /* Recipe List */ = {
			isa = PBXGroup;
			children = (
				A5E74F6D271BC8F900F184EE /* Recipe_ListApp.swift */,
				A5E74F7B271BC92600F184EE /* Views */,
				A5E74F7C271BC93200F184EE /* ViewModels */,
				A5E74F7D271BC94400F184EE /* Models */,
				A5E74F7F271BC95A00F184EE /* Services */,
				A5E74F7E271BC94D00F184EE /* Data */,
				A5D66F032724C13700B24100 /* Utilities */,
				A5E74F71271BC90100F184EE /* Assets.xcassets */,
				A5E74F73271BC90100F184EE /* Preview Content */,
			);
			path = "Recipe List";
			sourceTree = "<group>";
		};
		A5E74F73271BC90100F184EE /* Preview Content */ = {
			isa = PBXGroup;
			children = (
				A5E74F74271BC90100F184EE /* Preview Assets.xcassets */,
			);
			path = "Preview Content";
			sourceTree = "<group>";
		};
		A5E74F7B271BC92600F184EE /* Views */ = {
			isa = PBXGroup;
			children = (
				A51E8772271D115500AAE858 /* RecipeTabView.swift */,
				A51E87A82722103800AAE858 /* RecipeFeaturedView.swift */,
				A5E74F6F271BC8F900F184EE /* RecipeListView.swift */,
				A54E3FE8272E294E00256A0C /* AddRecipeView.swift */,
				A54E3FEA272E2EA400256A0C /* AddMetaData.swift */,
				A54E3FEC272E300100256A0C /* AddListData.swift */,
				A5B5CF51271C9DA800758071 /* RecipeDetailView.swift */,
				A5D66F082724F26D00B24100 /* RecipeHighlights.swift */,
				A54E3FE6272E219D00256A0C /* SearchBarView.swift */,
			);
			path = Views;
			sourceTree = "<group>";
		};
		A5E74F7C271BC93200F184EE /* ViewModels */ = {
			isa = PBXGroup;
			children = (
				A5E74F84271BCC1D00F184EE /* RecipeModel.swift */,
			);
			path = ViewModels;
			sourceTree = "<group>";
		};
		A5E74F7D271BC94400F184EE /* Models */ = {
			isa = PBXGroup;
			children = (
				A5E74F82271BCB3200F184EE /* Recipe.swift */,
			);
			path = Models;
			sourceTree = "<group>";
		};
		A5E74F7E271BC94D00F184EE /* Data */ = {
			isa = PBXGroup;
			children = (
				A54E3FE2272DE9FB00256A0C /* Persistence.swift */,
				A54E3FBB272DDBFA00256A0C /* Ingredient+CoreDataClass.swift */,
				A54E3FBC272DDBFA00256A0C /* Ingredient+CoreDataProperties.swift */,
				A54E3FBD272DDBFA00256A0C /* Recipe+CoreDataClass.swift */,
				A54E3FBE272DDBFA00256A0C /* Recipe+CoreDataProperties.swift */,
				A5E74F80271BCAC700F184EE /* recipes.json */,
				A54E3FB8272DD89B00256A0C /* RecipeDataModel.xcdatamodeld */,
			);
			path = Data;
			sourceTree = "<group>";
		};
		A5E74F7F271BC95A00F184EE /* Services */ = {
			isa = PBXGroup;
			children = (
				A5E74F86271BCDD000F184EE /* DataService.swift */,
			);
			path = Services;
			sourceTree = "<group>";
		};
/* End PBXGroup section */

/* Begin PBXNativeTarget section */
		A5E74F69271BC8F900F184EE /* Recipe List */ = {
			isa = PBXNativeTarget;
			buildConfigurationList = A5E74F78271BC90100F184EE /* Build configuration list for PBXNativeTarget "Recipe List" */;
			buildPhases = (
				A5E74F66271BC8F900F184EE /* Sources */,
				A5E74F67271BC8F900F184EE /* Frameworks */,
				A5E74F68271BC8F900F184EE /* Resources */,
			);
			buildRules = (
			);
			dependencies = (
			);
			name = "Recipe List";
			productName = "Recipe List";
			productReference = A5E74F6A271BC8F900F184EE /* Recipe List.app */;
			productType = "com.apple.product-type.application";
		};
/* End PBXNativeTarget section */

/* Begin PBXProject section */
		A5E74F62271BC8F900F184EE /* Project object */ = {
			isa = PBXProject;
			attributes = {
				BuildIndependentTargetsInParallel = 1;
				LastSwiftUpdateCheck = 1300;
				LastUpgradeCheck = 1300;
				TargetAttributes = {
					A5E74F69271BC8F900F184EE = {
						CreatedOnToolsVersion = 13.0;
					};
				};
			};
			buildConfigurationList = A5E74F65271BC8F900F184EE /* Build configuration list for PBXProject "Recipe List" */;
			compatibilityVersion = "Xcode 13.0";
			developmentRegion = en;
			hasScannedForEncodings = 0;
			knownRegions = (
				en,
				Base,
			);
			mainGroup = A5E74F61271BC8F900F184EE;
			productRefGroup = A5E74F6B271BC8F900F184EE /* Products */;
			projectDirPath = "";
			projectRoot = "";
			targets = (
				A5E74F69271BC8F900F184EE /* Recipe List */,
			);
		};
/* End PBXProject section */

/* Begin PBXResourcesBuildPhase section */
		A5E74F68271BC8F900F184EE /* Resources */ = {
			isa = PBXResourcesBuildPhase;
			buildActionMask = 2147483647;
			files = (
				A5E74F75271BC90100F184EE /* Preview Assets.xcassets in Resources */,
				A5E74F81271BCAC700F184EE /* recipes.json in Resources */,
				A5E74F72271BC90100F184EE /* Assets.xcassets in Resources */,
			);
			runOnlyForDeploymentPostprocessing = 0;
		};
/* End PBXResourcesBuildPhase section */

/* Begin PBXSourcesBuildPhase section */
		A5E74F66271BC8F900F184EE /* Sources */ = {
			isa = PBXSourcesBuildPhase;
			buildActionMask = 2147483647;
			files = (
				A54E3FC2272DDBFA00256A0C /* Recipe+CoreDataProperties.swift in Sources */,
				A54E3FE5272DF22B00256A0C /* Constants.swift in Sources */,
				A54E3FE3272DE9FB00256A0C /* Persistence.swift in Sources */,
				A54E3FED272E300100256A0C /* AddListData.swift in Sources */,
				A51E8773271D115500AAE858 /* RecipeTabView.swift in Sources */,
				A5E74F83271BCB3200F184EE /* Recipe.swift in Sources */,
				A54E3FBA272DD89B00256A0C /* RecipeDataModel.xcdatamodeld in Sources */,
				A54E3FEB272E2EA400256A0C /* AddMetaData.swift in Sources */,
				A5B5CF52271C9DA800758071 /* RecipeDetailView.swift in Sources */,
				A5E74F85271BCC1D00F184EE /* RecipeModel.swift in Sources */,
				A5E74F70271BC8F900F184EE /* RecipeListView.swift in Sources */,
				A5D66F092724F26D00B24100 /* RecipeHighlights.swift in Sources */,
				A54E3FE9272E294E00256A0C /* AddRecipeView.swift in Sources */,
				A54E3FE7272E219D00256A0C /* SearchBarView.swift in Sources */,
				A54E3FC0272DDBFA00256A0C /* Ingredient+CoreDataProperties.swift in Sources */,
				A51E87A92722103800AAE858 /* RecipeFeaturedView.swift in Sources */,
				A54E3FC1272DDBFA00256A0C /* Recipe+CoreDataClass.swift in Sources */,
				A5D66F052724C16500B24100 /* Rational.swift in Sources */,
				A5E74F6E271BC8F900F184EE /* Recipe_ListApp.swift in Sources */,
				A54E3FBF272DDBFA00256A0C /* Ingredient+CoreDataClass.swift in Sources */,
				A5E74F87271BCDD000F184EE /* DataService.swift in Sources */,
			);
			runOnlyForDeploymentPostprocessing = 0;
		};
/* End PBXSourcesBuildPhase section */

/* Begin XCBuildConfiguration section */
		A5E74F76271BC90100F184EE /* Debug */ = {
			isa = XCBuildConfiguration;
			buildSettings = {
				ALWAYS_SEARCH_USER_PATHS = NO;
				CLANG_ANALYZER_NONNULL = YES;
				CLANG_ANALYZER_NUMBER_OBJECT_CONVERSION = YES_AGGRESSIVE;
				CLANG_CXX_LANGUAGE_STANDARD = "gnu++17";
				CLANG_CXX_LIBRARY = "libc++";
				CLANG_ENABLE_MODULES = YES;
				CLANG_ENABLE_OBJC_ARC = YES;
				CLANG_ENABLE_OBJC_WEAK = YES;
				CLANG_WARN_BLOCK_CAPTURE_AUTORELEASING = YES;
				CLANG_WARN_BOOL_CONVERSION = YES;
				CLANG_WARN_COMMA = YES;
				CLANG_WARN_CONSTANT_CONVERSION = YES;
				CLANG_WARN_DEPRECATED_OBJC_IMPLEMENTATIONS = YES;
				CLANG_WARN_DIRECT_OBJC_ISA_USAGE = YES_ERROR;
				CLANG_WARN_DOCUMENTATION_COMMENTS = YES;
				CLANG_WARN_EMPTY_BODY = YES;
				CLANG_WARN_ENUM_CONVERSION = YES;
				CLANG_WARN_INFINITE_RECURSION = YES;
				CLANG_WARN_INT_CONVERSION = YES;
				CLANG_WARN_NON_LITERAL_NULL_CONVERSION = YES;
				CLANG_WARN_OBJC_IMPLICIT_RETAIN_SELF = YES;
				CLANG_WARN_OBJC_LITERAL_CONVERSION = YES;
				CLANG_WARN_OBJC_ROOT_CLASS = YES_ERROR;
				CLANG_WARN_QUOTED_INCLUDE_IN_FRAMEWORK_HEADER = YES;
				CLANG_WARN_RANGE_LOOP_ANALYSIS = YES;
				CLANG_WARN_STRICT_PROTOTYPES = YES;
				CLANG_WARN_SUSPICIOUS_MOVE = YES;
				CLANG_WARN_UNGUARDED_AVAILABILITY = YES_AGGRESSIVE;
				CLANG_WARN_UNREACHABLE_CODE = YES;
				CLANG_WARN__DUPLICATE_METHOD_MATCH = YES;
				COPY_PHASE_STRIP = NO;
				DEBUG_INFORMATION_FORMAT = dwarf;
				ENABLE_STRICT_OBJC_MSGSEND = YES;
				ENABLE_TESTABILITY = YES;
				GCC_C_LANGUAGE_STANDARD = gnu11;
				GCC_DYNAMIC_NO_PIC = NO;
				GCC_NO_COMMON_BLOCKS = YES;
				GCC_OPTIMIZATION_LEVEL = 0;
				GCC_PREPROCESSOR_DEFINITIONS = (
					"DEBUG=1",
					"$(inherited)",
				);
				GCC_WARN_64_TO_32_BIT_CONVERSION = YES;
				GCC_WARN_ABOUT_RETURN_TYPE = YES_ERROR;
				GCC_WARN_UNDECLARED_SELECTOR = YES;
				GCC_WARN_UNINITIALIZED_AUTOS = YES_AGGRESSIVE;
				GCC_WARN_UNUSED_FUNCTION = YES;
				GCC_WARN_UNUSED_VARIABLE = YES;
				IPHONEOS_DEPLOYMENT_TARGET = 15.0;
				MTL_ENABLE_DEBUG_INFO = INCLUDE_SOURCE;
				MTL_FAST_MATH = YES;
				ONLY_ACTIVE_ARCH = YES;
				SDKROOT = iphoneos;
				SWIFT_ACTIVE_COMPILATION_CONDITIONS = DEBUG;
				SWIFT_OPTIMIZATION_LEVEL = "-Onone";
			};
			name = Debug;
		};
		A5E74F77271BC90100F184EE /* Release */ = {
			isa = XCBuildConfiguration;
			buildSettings = {
				ALWAYS_SEARCH_USER_PATHS = NO;
				CLANG_ANALYZER_NONNULL = YES;
				CLANG_ANALYZER_NUMBER_OBJECT_CONVERSION = YES_AGGRESSIVE;
				CLANG_CXX_LANGUAGE_STANDARD = "gnu++17";
				CLANG_CXX_LIBRARY = "libc++";
				CLANG_ENABLE_MODULES = YES;
				CLANG_ENABLE_OBJC_ARC = YES;
				CLANG_ENABLE_OBJC_WEAK = YES;
				CLANG_WARN_BLOCK_CAPTURE_AUTORELEASING = YES;
				CLANG_WARN_BOOL_CONVERSION = YES;
				CLANG_WARN_COMMA = YES;
				CLANG_WARN_CONSTANT_CONVERSION = YES;
				CLANG_WARN_DEPRECATED_OBJC_IMPLEMENTATIONS = YES;
				CLANG_WARN_DIRECT_OBJC_ISA_USAGE = YES_ERROR;
				CLANG_WARN_DOCUMENTATION_COMMENTS = YES;
				CLANG_WARN_EMPTY_BODY = YES;
				CLANG_WARN_ENUM_CONVERSION = YES;
				CLANG_WARN_INFINITE_RECURSION = YES;
				CLANG_WARN_INT_CONVERSION = YES;
				CLANG_WARN_NON_LITERAL_NULL_CONVERSION = YES;
				CLANG_WARN_OBJC_IMPLICIT_RETAIN_SELF = YES;
				CLANG_WARN_OBJC_LITERAL_CONVERSION = YES;
				CLANG_WARN_OBJC_ROOT_CLASS = YES_ERROR;
				CLANG_WARN_QUOTED_INCLUDE_IN_FRAMEWORK_HEADER = YES;
				CLANG_WARN_RANGE_LOOP_ANALYSIS = YES;
				CLANG_WARN_STRICT_PROTOTYPES = YES;
				CLANG_WARN_SUSPICIOUS_MOVE = YES;
				CLANG_WARN_UNGUARDED_AVAILABILITY = YES_AGGRESSIVE;
				CLANG_WARN_UNREACHABLE_CODE = YES;
				CLANG_WARN__DUPLICATE_METHOD_MATCH = YES;
				COPY_PHASE_STRIP = NO;
				DEBUG_INFORMATION_FORMAT = "dwarf-with-dsym";
				ENABLE_NS_ASSERTIONS = NO;
				ENABLE_STRICT_OBJC_MSGSEND = YES;
				GCC_C_LANGUAGE_STANDARD = gnu11;
				GCC_NO_COMMON_BLOCKS = YES;
				GCC_WARN_64_TO_32_BIT_CONVERSION = YES;
				GCC_WARN_ABOUT_RETURN_TYPE = YES_ERROR;
				GCC_WARN_UNDECLARED_SELECTOR = YES;
				GCC_WARN_UNINITIALIZED_AUTOS = YES_AGGRESSIVE;
				GCC_WARN_UNUSED_FUNCTION = YES;
				GCC_WARN_UNUSED_VARIABLE = YES;
				IPHONEOS_DEPLOYMENT_TARGET = 15.0;
				MTL_ENABLE_DEBUG_INFO = NO;
				MTL_FAST_MATH = YES;
				SDKROOT = iphoneos;
				SWIFT_COMPILATION_MODE = wholemodule;
				SWIFT_OPTIMIZATION_LEVEL = "-O";
				VALIDATE_PRODUCT = YES;
			};
			name = Release;
		};
		A5E74F79271BC90100F184EE /* Debug */ = {
			isa = XCBuildConfiguration;
			buildSettings = {
				ASSETCATALOG_COMPILER_APPICON_NAME = AppIcon;
				ASSETCATALOG_COMPILER_GLOBAL_ACCENT_COLOR_NAME = AccentColor;
				CODE_SIGN_STYLE = Automatic;
				CURRENT_PROJECT_VERSION = 1;
				DEVELOPMENT_ASSET_PATHS = "\"Recipe List/Preview Content\"";
				DEVELOPMENT_TEAM = 9H9N4K4R78;
				ENABLE_PREVIEWS = YES;
				GENERATE_INFOPLIST_FILE = YES;
				INFOPLIST_KEY_UIApplicationSceneManifest_Generation = YES;
				INFOPLIST_KEY_UIApplicationSupportsIndirectInputEvents = YES;
				INFOPLIST_KEY_UILaunchScreen_Generation = YES;
				INFOPLIST_KEY_UISupportedInterfaceOrientations_iPad = "UIInterfaceOrientationPortrait UIInterfaceOrientationPortraitUpsideDown UIInterfaceOrientationLandscapeLeft UIInterfaceOrientationLandscapeRight";
				INFOPLIST_KEY_UISupportedInterfaceOrientations_iPhone = "UIInterfaceOrientationPortrait UIInterfaceOrientationLandscapeLeft UIInterfaceOrientationLandscapeRight";
				IPHONEOS_DEPLOYMENT_TARGET = 14.0;
				LD_RUNPATH_SEARCH_PATHS = (
					"$(inherited)",
					"@executable_path/Frameworks",
				);
				MARKETING_VERSION = 1.0;
				PRODUCT_BUNDLE_IDENTIFIER = "com.JayPCoders.Recipe-List";
				PRODUCT_NAME = "$(TARGET_NAME)";
				SWIFT_EMIT_LOC_STRINGS = YES;
				SWIFT_VERSION = 5.0;
				TARGETED_DEVICE_FAMILY = "1,2";
			};
			name = Debug;
		};
		A5E74F7A271BC90100F184EE /* Release */ = {
			isa = XCBuildConfiguration;
			buildSettings = {
				ASSETCATALOG_COMPILER_APPICON_NAME = AppIcon;
				ASSETCATALOG_COMPILER_GLOBAL_ACCENT_COLOR_NAME = AccentColor;
				CODE_SIGN_STYLE = Automatic;
				CURRENT_PROJECT_VERSION = 1;
				DEVELOPMENT_ASSET_PATHS = "\"Recipe List/Preview Content\"";
				DEVELOPMENT_TEAM = 9H9N4K4R78;
				ENABLE_PREVIEWS = YES;
				GENERATE_INFOPLIST_FILE = YES;
				INFOPLIST_KEY_UIApplicationSceneManifest_Generation = YES;
				INFOPLIST_KEY_UIApplicationSupportsIndirectInputEvents = YES;
				INFOPLIST_KEY_UILaunchScreen_Generation = YES;
				INFOPLIST_KEY_UISupportedInterfaceOrientations_iPad = "UIInterfaceOrientationPortrait UIInterfaceOrientationPortraitUpsideDown UIInterfaceOrientationLandscapeLeft UIInterfaceOrientationLandscapeRight";
				INFOPLIST_KEY_UISupportedInterfaceOrientations_iPhone = "UIInterfaceOrientationPortrait UIInterfaceOrientationLandscapeLeft UIInterfaceOrientationLandscapeRight";
				IPHONEOS_DEPLOYMENT_TARGET = 14.0;
				LD_RUNPATH_SEARCH_PATHS = (
					"$(inherited)",
					"@executable_path/Frameworks",
				);
				MARKETING_VERSION = 1.0;
				PRODUCT_BUNDLE_IDENTIFIER = "com.JayPCoders.Recipe-List";
				PRODUCT_NAME = "$(TARGET_NAME)";
				SWIFT_EMIT_LOC_STRINGS = YES;
				SWIFT_VERSION = 5.0;
				TARGETED_DEVICE_FAMILY = "1,2";
			};
			name = Release;
		};
/* End XCBuildConfiguration section */

/* Begin XCConfigurationList section */
		A5E74F65271BC8F900F184EE /* Build configuration list for PBXProject "Recipe List" */ = {
			isa = XCConfigurationList;
			buildConfigurations = (
				A5E74F76271BC90100F184EE /* Debug */,
				A5E74F77271BC90100F184EE /* Release */,
			);
			defaultConfigurationIsVisible = 0;
			defaultConfigurationName = Release;
		};
		A5E74F78271BC90100F184EE /* Build configuration list for PBXNativeTarget "Recipe List" */ = {
			isa = XCConfigurationList;
			buildConfigurations = (
				A5E74F79271BC90100F184EE /* Debug */,
				A5E74F7A271BC90100F184EE /* Release */,
			);
			defaultConfigurationIsVisible = 0;
			defaultConfigurationName = Release;
		};
/* End XCConfigurationList section */

/* Begin XCVersionGroup section */
		A54E3FB8272DD89B00256A0C /* RecipeDataModel.xcdatamodeld */ = {
			isa = XCVersionGroup;
			children = (
				A54E3FB9272DD89B00256A0C /* RecipeDataModel.xcdatamodel */,
			);
			currentVersion = A54E3FB9272DD89B00256A0C /* RecipeDataModel.xcdatamodel */;
			path = RecipeDataModel.xcdatamodeld;
			sourceTree = "<group>";
			versionGroupType = wrapper.xcdatamodel;
		};
/* End XCVersionGroup section */
	};
	rootObject = A5E74F62271BC8F900F184EE /* Project object */;
}
